
Microsoft Visual Studio Solution File, Format Version 12.00
# Visual Studio Version 17
VisualStudioVersion = 17.4.33110.190
MinimumVisualStudioVersion = 10.0.40219.1
Project("{FAE04EC0-301F-11D3-BF4B-00C04F79EFBC}") = "Email_Validator_BackEnd", "Email_Validator_BackEnd\Email_Validator_BackEnd.csproj", "{BBA60374-749B-45F6-A358-7E3E5AD31987}"
EndProject
Global
	GlobalSection(SolutionConfigurationPlatforms) = preSolution
		Debug|Any CPU = Debug|Any CPU
		Release|Any CPU = Release|Any CPU
	EndGlobalSection
	GlobalSection(ProjectConfigurationPlatforms) = postSolution
		{BBA60374-749B-45F6-A358-7E3E5AD31987}.Debug|Any CPU.ActiveCfg = Debug|Any CPU
		{BBA60374-749B-45F6-A358-7E3E5AD31987}.Debug|Any CPU.Build.0 = Debug|Any CPU
		{BBA60374-749B-45F6-A358-7E3E5AD31987}.Release|Any CPU.ActiveCfg = Release|Any CPU
		{BBA60374-749B-45F6-A358-7E3E5AD31987}.Release|Any CPU.Build.0 = Release|Any CPU
	EndGlobalSection
	GlobalSection(SolutionProperties) = preSolution
		HideSolutionNode = FALSE
	EndGlobalSection
	GlobalSection(ExtensibilityGlobals) = postSolution
		SolutionGuid = {D50E7CF2-DD99-46E0-A651-99CC3E0202B9}
	EndGlobalSection
EndGlobal
